// !$*UTF8*$!
{
	archiveVersion = 1;
	classes = {
	};
	objectVersion = 56;
	objects = {

/* Begin PBXBuildFile section */
		3F3DAC2B2C061BDD00C4F201 /* FirebaseAnalytics in Frameworks */ = {isa = PBXBuildFile; productRef = 3F3DAC2A2C061BDD00C4F201 /* FirebaseAnalytics */; };
		3F3DAC2D2C061BDD00C4F201 /* FirebaseAnalyticsOnDeviceConversion in Frameworks */ = {isa = PBXBuildFile; productRef = 3F3DAC2C2C061BDD00C4F201 /* FirebaseAnalyticsOnDeviceConversion */; };
		3F3DAC2F2C061BDD00C4F201 /* FirebaseAnalyticsSwift in Frameworks */ = {isa = PBXBuildFile; productRef = 3F3DAC2E2C061BDD00C4F201 /* FirebaseAnalyticsSwift */; };
		3F3DAC312C061BDD00C4F201 /* FirebaseAnalyticsWithoutAdIdSupport in Frameworks */ = {isa = PBXBuildFile; productRef = 3F3DAC302C061BDD00C4F201 /* FirebaseAnalyticsWithoutAdIdSupport */; };
		3F3DAC332C061BDD00C4F201 /* FirebaseAppCheck in Frameworks */ = {isa = PBXBuildFile; productRef = 3F3DAC322C061BDD00C4F201 /* FirebaseAppCheck */; };
		3F3DAC352C061DDA00C4F201 /* FirebaseAuth in Frameworks */ = {isa = PBXBuildFile; productRef = 3F3DAC342C061DDA00C4F201 /* FirebaseAuth */; };
		3F3DAC372C061DDA00C4F201 /* FirebaseFirestore in Frameworks */ = {isa = PBXBuildFile; productRef = 3F3DAC362C061DDA00C4F201 /* FirebaseFirestore */; };
		3F3DAC392C061DDA00C4F201 /* FirebaseFirestoreSwift in Frameworks */ = {isa = PBXBuildFile; productRef = 3F3DAC382C061DDA00C4F201 /* FirebaseFirestoreSwift */; };
		3F3DAC512C061F5400C4F201 /* Preview Assets.xcassets in Resources */ = {isa = PBXBuildFile; fileRef = 3F3DAC4A2C061F5400C4F201 /* Preview Assets.xcassets */; };
		3F3DAC522C061F5400C4F201 /* Assets.xcassets in Resources */ = {isa = PBXBuildFile; fileRef = 3F3DAC4C2C061F5400C4F201 /* Assets.xcassets */; };
		3F3DAC542C061F5400C4F201 /* Item.swift in Sources */ = {isa = PBXBuildFile; fileRef = 3F3DAC4E2C061F5400C4F201 /* Item.swift */; };
		3F3DAC552C061F5400C4F201 /* TaskifyApp.swift in Sources */ = {isa = PBXBuildFile; fileRef = 3F3DAC4F2C061F5400C4F201 /* TaskifyApp.swift */; };
		3F3DAC572C061F9200C4F201 /* GoogleService-Info (1).plist in Resources */ = {isa = PBXBuildFile; fileRef = 3F3DAC562C061F9200C4F201 /* GoogleService-Info (1).plist */; };
		3F3DAC5F2C0620E100C4F201 /* GoogleService-Info.plist in Resources */ = {isa = PBXBuildFile; fileRef = 3F3DAC5E2C0620E000C4F201 /* GoogleService-Info.plist */; };
		3F3DAC652C06235B00C4F201 /* IndexView.swift in Sources */ = {isa = PBXBuildFile; fileRef = 3F3DAC632C06235B00C4F201 /* IndexView.swift */; };
		3F3DAC672C0623DD00C4F201 /* LoginView.swift in Sources */ = {isa = PBXBuildFile; fileRef = 3F3DAC662C0623DC00C4F201 /* LoginView.swift */; };
		3F3DAC692C0623F800C4F201 /* RegisterView.swift in Sources */ = {isa = PBXBuildFile; fileRef = 3F3DAC682C0623F800C4F201 /* RegisterView.swift */; };
/* End PBXBuildFile section */

/* Begin PBXFileReference section */
		3F3DAC102C0612A400C4F201 /* Taskify.app */ = {isa = PBXFileReference; explicitFileType = wrapper.application; includeInIndex = 0; path = Taskify.app; sourceTree = BUILT_PRODUCTS_DIR; };
		3F3DAC4A2C061F5400C4F201 /* Preview Assets.xcassets */ = {isa = PBXFileReference; lastKnownFileType = folder.assetcatalog; path = "Preview Assets.xcassets"; sourceTree = "<group>"; };
		3F3DAC4C2C061F5400C4F201 /* Assets.xcassets */ = {isa = PBXFileReference; lastKnownFileType = folder.assetcatalog; path = Assets.xcassets; sourceTree = "<group>"; };
		3F3DAC4E2C061F5400C4F201 /* Item.swift */ = {isa = PBXFileReference; fileEncoding = 4; lastKnownFileType = sourcecode.swift; path = Item.swift; sourceTree = "<group>"; };
		3F3DAC4F2C061F5400C4F201 /* TaskifyApp.swift */ = {isa = PBXFileReference; fileEncoding = 4; lastKnownFileType = sourcecode.swift; path = TaskifyApp.swift; sourceTree = "<group>"; };
		3F3DAC562C061F9200C4F201 /* GoogleService-Info (1).plist */ = {isa = PBXFileReference; fileEncoding = 4; lastKnownFileType = text.plist.xml; path = "GoogleService-Info (1).plist"; sourceTree = "<group>"; };
		3F3DAC5E2C0620E000C4F201 /* GoogleService-Info.plist */ = {isa = PBXFileReference; fileEncoding = 4; lastKnownFileType = text.plist.xml; path = "GoogleService-Info.plist"; sourceTree = "<group>"; };
		3F3DAC632C06235B00C4F201 /* IndexView.swift */ = {isa = PBXFileReference; fileEncoding = 4; lastKnownFileType = sourcecode.swift; path = IndexView.swift; sourceTree = "<group>"; };
		3F3DAC662C0623DC00C4F201 /* LoginView.swift */ = {isa = PBXFileReference; lastKnownFileType = sourcecode.swift; path = LoginView.swift; sourceTree = "<group>"; };
		3F3DAC682C0623F800C4F201 /* RegisterView.swift */ = {isa = PBXFileReference; lastKnownFileType = sourcecode.swift; path = RegisterView.swift; sourceTree = "<group>"; };
/* End PBXFileReference section */

/* Begin PBXFrameworksBuildPhase section */
		3F3DAC0D2C0612A400C4F201 /* Frameworks */ = {
			isa = PBXFrameworksBuildPhase;
			buildActionMask = 2147483647;
			files = (
				3F3DAC2F2C061BDD00C4F201 /* FirebaseAnalyticsSwift in Frameworks */,
				3F3DAC352C061DDA00C4F201 /* FirebaseAuth in Frameworks */,
				3F3DAC2B2C061BDD00C4F201 /* FirebaseAnalytics in Frameworks */,
				3F3DAC2D2C061BDD00C4F201 /* FirebaseAnalyticsOnDeviceConversion in Frameworks */,
				3F3DAC332C061BDD00C4F201 /* FirebaseAppCheck in Frameworks */,
				3F3DAC312C061BDD00C4F201 /* FirebaseAnalyticsWithoutAdIdSupport in Frameworks */,
				3F3DAC372C061DDA00C4F201 /* FirebaseFirestore in Frameworks */,
				3F3DAC392C061DDA00C4F201 /* FirebaseFirestoreSwift in Frameworks */,
			);
			runOnlyForDeploymentPostprocessing = 0;
		};
/* End PBXFrameworksBuildPhase section */

/* Begin PBXGroup section */
		3F3DAC072C0612A400C4F201 = {
			isa = PBXGroup;
			children = (
				3F3DAC502C061F5400C4F201 /* Taskify */,
				3F3DAC112C0612A400C4F201 /* Products */,
			);
			sourceTree = "<group>";
		};
		3F3DAC112C0612A400C4F201 /* Products */ = {
			isa = PBXGroup;
			children = (
				3F3DAC102C0612A400C4F201 /* Taskify.app */,
			);
			name = Products;
			sourceTree = "<group>";
		};
		3F3DAC4B2C061F5400C4F201 /* Preview Content */ = {
			isa = PBXGroup;
			children = (
				3F3DAC562C061F9200C4F201 /* GoogleService-Info (1).plist */,
				3F3DAC4A2C061F5400C4F201 /* Preview Assets.xcassets */,
			);
			path = "Preview Content";
			sourceTree = "<group>";
		};
		3F3DAC502C061F5400C4F201 /* Taskify */ = {
			isa = PBXGroup;
			children = (
				3F3DAC642C06235B00C4F201 /* Views */,
				3F3DAC5D2C06206300C4F201 /* Others */,
				3F3DAC5C2C06205300C4F201 /* ViewModels */,
				3F3DAC5B2C06203E00C4F201 /* Models */,
				3F3DAC4B2C061F5400C4F201 /* Preview Content */,
			);
			path = Taskify;
			sourceTree = "<group>";
		};
		3F3DAC5B2C06203E00C4F201 /* Models */ = {
			isa = PBXGroup;
			children = (
				3F3DAC4E2C061F5400C4F201 /* Item.swift */,
			);
			path = Models;
			sourceTree = "<group>";
		};
		3F3DAC5C2C06205300C4F201 /* ViewModels */ = {
			isa = PBXGroup;
			children = (
			);
			path = ViewModels;
			sourceTree = "<group>";
		};
		3F3DAC5D2C06206300C4F201 /* Others */ = {
			isa = PBXGroup;
			children = (
				3F3DAC5E2C0620E000C4F201 /* GoogleService-Info.plist */,
				3F3DAC4F2C061F5400C4F201 /* TaskifyApp.swift */,
				3F3DAC4C2C061F5400C4F201 /* Assets.xcassets */,
			);
			path = Others;
			sourceTree = "<group>";
		};
		3F3DAC642C06235B00C4F201 /* Views */ = {
			isa = PBXGroup;
			children = (
				3F3DAC632C06235B00C4F201 /* IndexView.swift */,
				3F3DAC662C0623DC00C4F201 /* LoginView.swift */,
				3F3DAC682C0623F800C4F201 /* RegisterView.swift */,
			);
			path = Views;
			sourceTree = "<group>";
		};
/* End PBXGroup section */

/* Begin PBXNativeTarget section */
		3F3DAC0F2C0612A400C4F201 /* Taskify */ = {
			isa = PBXNativeTarget;
			buildConfigurationList = 3F3DAC202C0612A900C4F201 /* Build configuration list for PBXNativeTarget "Taskify" */;
			buildPhases = (
				3F3DAC0C2C0612A400C4F201 /* Sources */,
				3F3DAC0D2C0612A400C4F201 /* Frameworks */,
				3F3DAC0E2C0612A400C4F201 /* Resources */,
			);
			buildRules = (
			);
			dependencies = (
			);
			name = Taskify;
			packageProductDependencies = (
				3F3DAC2A2C061BDD00C4F201 /* FirebaseAnalytics */,
				3F3DAC2C2C061BDD00C4F201 /* FirebaseAnalyticsOnDeviceConversion */,
				3F3DAC2E2C061BDD00C4F201 /* FirebaseAnalyticsSwift */,
				3F3DAC302C061BDD00C4F201 /* FirebaseAnalyticsWithoutAdIdSupport */,
				3F3DAC322C061BDD00C4F201 /* FirebaseAppCheck */,
				3F3DAC342C061DDA00C4F201 /* FirebaseAuth */,
				3F3DAC362C061DDA00C4F201 /* FirebaseFirestore */,
				3F3DAC382C061DDA00C4F201 /* FirebaseFirestoreSwift */,
			);
			productName = Taskify;
			productReference = 3F3DAC102C0612A400C4F201 /* Taskify.app */;
			productType = "com.apple.product-type.application";
		};
/* End PBXNativeTarget section */

/* Begin PBXProject section */
		3F3DAC082C0612A400C4F201 /* Project object */ = {
			isa = PBXProject;
			attributes = {
				BuildIndependentTargetsInParallel = 1;
				LastSwiftUpdateCheck = 1540;
				LastUpgradeCheck = 1540;
				TargetAttributes = {
					3F3DAC0F2C0612A400C4F201 = {
						CreatedOnToolsVersion = 15.4;
					};
				};
			};
			buildConfigurationList = 3F3DAC0B2C0612A400C4F201 /* Build configuration list for PBXProject "Taskify" */;
			compatibilityVersion = "Xcode 14.0";
			developmentRegion = en;
			hasScannedForEncodings = 0;
			knownRegions = (
				en,
				Base,
			);
			mainGroup = 3F3DAC072C0612A400C4F201;
			packageReferences = (
				3F3DAC232C06155D00C4F201 /* XCRemoteSwiftPackageReference "firebase-ios-sdk" */,
			);
			productRefGroup = 3F3DAC112C0612A400C4F201 /* Products */;
			projectDirPath = "";
			projectRoot = "";
			targets = (
				3F3DAC0F2C0612A400C4F201 /* Taskify */,
			);
		};
/* End PBXProject section */

/* Begin PBXResourcesBuildPhase section */
		3F3DAC0E2C0612A400C4F201 /* Resources */ = {
			isa = PBXResourcesBuildPhase;
			buildActionMask = 2147483647;
			files = (
				3F3DAC522C061F5400C4F201 /* Assets.xcassets in Resources */,
				3F3DAC572C061F9200C4F201 /* GoogleService-Info (1).plist in Resources */,
				3F3DAC5F2C0620E100C4F201 /* GoogleService-Info.plist in Resources */,
				3F3DAC512C061F5400C4F201 /* Preview Assets.xcassets in Resources */,
			);
			runOnlyForDeploymentPostprocessing = 0;
		};
/* End PBXResourcesBuildPhase section */

/* Begin PBXSourcesBuildPhase section */
		3F3DAC0C2C0612A400C4F201 /* Sources */ = {
			isa = PBXSourcesBuildPhase;
			buildActionMask = 2147483647;
			files = (
				3F3DAC542C061F5400C4F201 /* Item.swift in Sources */,
				3F3DAC692C0623F800C4F201 /* RegisterView.swift in Sources */,
				3F3DAC652C06235B00C4F201 /* IndexView.swift in Sources */,
				3F3DAC672C0623DD00C4F201 /* LoginView.swift in Sources */,
				3F3DAC552C061F5400C4F201 /* TaskifyApp.swift in Sources */,
			);
			runOnlyForDeploymentPostprocessing = 0;
		};
/* End PBXSourcesBuildPhase section */

/* Begin XCBuildConfiguration section */
		3F3DAC1E2C0612A900C4F201 /* Debug */ = {
			isa = XCBuildConfiguration;
			buildSettings = {
				ALWAYS_SEARCH_USER_PATHS = NO;
				ASSETCATALOG_COMPILER_GENERATE_SWIFT_ASSET_SYMBOL_EXTENSIONS = YES;
				CLANG_ANALYZER_NONNULL = YES;
				CLANG_ANALYZER_NUMBER_OBJECT_CONVERSION = YES_AGGRESSIVE;
				CLANG_CXX_LANGUAGE_STANDARD = "gnu++20";
				CLANG_ENABLE_MODULES = YES;
				CLANG_ENABLE_OBJC_ARC = YES;
				CLANG_ENABLE_OBJC_WEAK = YES;
				CLANG_WARN_BLOCK_CAPTURE_AUTORELEASING = YES;
				CLANG_WARN_BOOL_CONVERSION = YES;
				CLANG_WARN_COMMA = YES;
				CLANG_WARN_CONSTANT_CONVERSION = YES;
				CLANG_WARN_DEPRECATED_OBJC_IMPLEMENTATIONS = YES;
				CLANG_WARN_DIRECT_OBJC_ISA_USAGE = YES_ERROR;
				CLANG_WARN_DOCUMENTATION_COMMENTS = YES;
				CLANG_WARN_EMPTY_BODY = YES;
				CLANG_WARN_ENUM_CONVERSION = YES;
				CLANG_WARN_INFINITE_RECURSION = YES;
				CLANG_WARN_INT_CONVERSION = YES;
				CLANG_WARN_NON_LITERAL_NULL_CONVERSION = YES;
				CLANG_WARN_OBJC_IMPLICIT_RETAIN_SELF = YES;
				CLANG_WARN_OBJC_LITERAL_CONVERSION = YES;
				CLANG_WARN_OBJC_ROOT_CLASS = YES_ERROR;
				CLANG_WARN_QUOTED_INCLUDE_IN_FRAMEWORK_HEADER = YES;
				CLANG_WARN_RANGE_LOOP_ANALYSIS = YES;
				CLANG_WARN_STRICT_PROTOTYPES = YES;
				CLANG_WARN_SUSPICIOUS_MOVE = YES;
				CLANG_WARN_UNGUARDED_AVAILABILITY = YES_AGGRESSIVE;
				CLANG_WARN_UNREACHABLE_CODE = YES;
				CLANG_WARN__DUPLICATE_METHOD_MATCH = YES;
				COPY_PHASE_STRIP = NO;
				DEBUG_INFORMATION_FORMAT = dwarf;
				ENABLE_STRICT_OBJC_MSGSEND = YES;
				ENABLE_TESTABILITY = YES;
				ENABLE_USER_SCRIPT_SANDBOXING = YES;
				GCC_C_LANGUAGE_STANDARD = gnu17;
				GCC_DYNAMIC_NO_PIC = NO;
				GCC_NO_COMMON_BLOCKS = YES;
				GCC_OPTIMIZATION_LEVEL = 0;
				GCC_PREPROCESSOR_DEFINITIONS = (
					"DEBUG=1",
					"$(inherited)",
				);
				GCC_WARN_64_TO_32_BIT_CONVERSION = YES;
				GCC_WARN_ABOUT_RETURN_TYPE = YES_ERROR;
				GCC_WARN_UNDECLARED_SELECTOR = YES;
				GCC_WARN_UNINITIALIZED_AUTOS = YES_AGGRESSIVE;
				GCC_WARN_UNUSED_FUNCTION = YES;
				GCC_WARN_UNUSED_VARIABLE = YES;
				IPHONEOS_DEPLOYMENT_TARGET = 17.5;
				LOCALIZATION_PREFERS_STRING_CATALOGS = YES;
				MTL_ENABLE_DEBUG_INFO = INCLUDE_SOURCE;
				MTL_FAST_MATH = YES;
				ONLY_ACTIVE_ARCH = YES;
				SDKROOT = iphoneos;
				SWIFT_ACTIVE_COMPILATION_CONDITIONS = "DEBUG $(inherited)";
				SWIFT_OPTIMIZATION_LEVEL = "-Onone";
			};
			name = Debug;
		};
		3F3DAC1F2C0612A900C4F201 /* Release */ = {
			isa = XCBuildConfiguration;
			buildSettings = {
				ALWAYS_SEARCH_USER_PATHS = NO;
				ASSETCATALOG_COMPILER_GENERATE_SWIFT_ASSET_SYMBOL_EXTENSIONS = YES;
				CLANG_ANALYZER_NONNULL = YES;
				CLANG_ANALYZER_NUMBER_OBJECT_CONVERSION = YES_AGGRESSIVE;
				CLANG_CXX_LANGUAGE_STANDARD = "gnu++20";
				CLANG_ENABLE_MODULES = YES;
				CLANG_ENABLE_OBJC_ARC = YES;
				CLANG_ENABLE_OBJC_WEAK = YES;
				CLANG_WARN_BLOCK_CAPTURE_AUTORELEASING = YES;
				CLANG_WARN_BOOL_CONVERSION = YES;
				CLANG_WARN_COMMA = YES;
				CLANG_WARN_CONSTANT_CONVERSION = YES;
				CLANG_WARN_DEPRECATED_OBJC_IMPLEMENTATIONS = YES;
				CLANG_WARN_DIRECT_OBJC_ISA_USAGE = YES_ERROR;
				CLANG_WARN_DOCUMENTATION_COMMENTS = YES;
				CLANG_WARN_EMPTY_BODY = YES;
				CLANG_WARN_ENUM_CONVERSION = YES;
				CLANG_WARN_INFINITE_RECURSION = YES;
				CLANG_WARN_INT_CONVERSION = YES;
				CLANG_WARN_NON_LITERAL_NULL_CONVERSION = YES;
				CLANG_WARN_OBJC_IMPLICIT_RETAIN_SELF = YES;
				CLANG_WARN_OBJC_LITERAL_CONVERSION = YES;
				CLANG_WARN_OBJC_ROOT_CLASS = YES_ERROR;
				CLANG_WARN_QUOTED_INCLUDE_IN_FRAMEWORK_HEADER = YES;
				CLANG_WARN_RANGE_LOOP_ANALYSIS = YES;
				CLANG_WARN_STRICT_PROTOTYPES = YES;
				CLANG_WARN_SUSPICIOUS_MOVE = YES;
				CLANG_WARN_UNGUARDED_AVAILABILITY = YES_AGGRESSIVE;
				CLANG_WARN_UNREACHABLE_CODE = YES;
				CLANG_WARN__DUPLICATE_METHOD_MATCH = YES;
				COPY_PHASE_STRIP = NO;
				DEBUG_INFORMATION_FORMAT = "dwarf-with-dsym";
				ENABLE_NS_ASSERTIONS = NO;
				ENABLE_STRICT_OBJC_MSGSEND = YES;
				ENABLE_USER_SCRIPT_SANDBOXING = YES;
				GCC_C_LANGUAGE_STANDARD = gnu17;
				GCC_NO_COMMON_BLOCKS = YES;
				GCC_WARN_64_TO_32_BIT_CONVERSION = YES;
				GCC_WARN_ABOUT_RETURN_TYPE = YES_ERROR;
				GCC_WARN_UNDECLARED_SELECTOR = YES;
				GCC_WARN_UNINITIALIZED_AUTOS = YES_AGGRESSIVE;
				GCC_WARN_UNUSED_FUNCTION = YES;
				GCC_WARN_UNUSED_VARIABLE = YES;
				IPHONEOS_DEPLOYMENT_TARGET = 17.5;
				LOCALIZATION_PREFERS_STRING_CATALOGS = YES;
				MTL_ENABLE_DEBUG_INFO = NO;
				MTL_FAST_MATH = YES;
				SDKROOT = iphoneos;
				SWIFT_COMPILATION_MODE = wholemodule;
				VALIDATE_PRODUCT = YES;
			};
			name = Release;
		};
		3F3DAC212C0612A900C4F201 /* Debug */ = {
			isa = XCBuildConfiguration;
			buildSettings = {
				ASSETCATALOG_COMPILER_APPICON_NAME = AppIcon;
				ASSETCATALOG_COMPILER_GLOBAL_ACCENT_COLOR_NAME = AccentColor;
				CODE_SIGN_STYLE = Automatic;
				CURRENT_PROJECT_VERSION = 1;
				DEVELOPMENT_ASSET_PATHS = "\"Taskify/Preview Content\"";
				ENABLE_PREVIEWS = YES;
				GENERATE_INFOPLIST_FILE = YES;
				INFOPLIST_KEY_CFBundleDisplayName = Taskify;
				INFOPLIST_KEY_UIApplicationSceneManifest_Generation = YES;
				INFOPLIST_KEY_UIApplicationSupportsIndirectInputEvents = YES;
				INFOPLIST_KEY_UILaunchScreen_Generation = YES;
				INFOPLIST_KEY_UISupportedInterfaceOrientations_iPad = "UIInterfaceOrientationPortrait UIInterfaceOrientationPortraitUpsideDown UIInterfaceOrientationLandscapeLeft UIInterfaceOrientationLandscapeRight";
				INFOPLIST_KEY_UISupportedInterfaceOrientations_iPhone = "UIInterfaceOrientationPortrait UIInterfaceOrientationLandscapeLeft UIInterfaceOrientationLandscapeRight";
				LD_RUNPATH_SEARCH_PATHS = (
					"$(inherited)",
					"@executable_path/Frameworks",
				);
				MARKETING_VERSION = 1.0;
				PRODUCT_BUNDLE_IDENTIFIER = "H-K-Co..Taskify";
				PRODUCT_NAME = "$(TARGET_NAME)";
				SWIFT_EMIT_LOC_STRINGS = YES;
				SWIFT_VERSION = 5.0;
				TARGETED_DEVICE_FAMILY = "1,2";
			};
			name = Debug;
		};
		3F3DAC222C0612A900C4F201 /* Release */ = {
			isa = XCBuildConfiguration;
			buildSettings = {
				ASSETCATALOG_COMPILER_APPICON_NAME = AppIcon;
				ASSETCATALOG_COMPILER_GLOBAL_ACCENT_COLOR_NAME = AccentColor;
				CODE_SIGN_STYLE = Automatic;
				CURRENT_PROJECT_VERSION = 1;
				DEVELOPMENT_ASSET_PATHS = "\"Taskify/Preview Content\"";
				ENABLE_PREVIEWS = YES;
				GENERATE_INFOPLIST_FILE = YES;
				INFOPLIST_KEY_CFBundleDisplayName = Taskify;
				INFOPLIST_KEY_UIApplicationSceneManifest_Generation = YES;
				INFOPLIST_KEY_UIApplicationSupportsIndirectInputEvents = YES;
				INFOPLIST_KEY_UILaunchScreen_Generation = YES;
				INFOPLIST_KEY_UISupportedInterfaceOrientations_iPad = "UIInterfaceOrientationPortrait UIInterfaceOrientationPortraitUpsideDown UIInterfaceOrientationLandscapeLeft UIInterfaceOrientationLandscapeRight";
				INFOPLIST_KEY_UISupportedInterfaceOrientations_iPhone = "UIInterfaceOrientationPortrait UIInterfaceOrientationLandscapeLeft UIInterfaceOrientationLandscapeRight";
				LD_RUNPATH_SEARCH_PATHS = (
					"$(inherited)",
					"@executable_path/Frameworks",
				);
				MARKETING_VERSION = 1.0;
				PRODUCT_BUNDLE_IDENTIFIER = "H-K-Co..Taskify";
				PRODUCT_NAME = "$(TARGET_NAME)";
				SWIFT_EMIT_LOC_STRINGS = YES;
				SWIFT_VERSION = 5.0;
				TARGETED_DEVICE_FAMILY = "1,2";
			};
			name = Release;
		};
/* End XCBuildConfiguration section */

/* Begin XCConfigurationList section */
		3F3DAC0B2C0612A400C4F201 /* Build configuration list for PBXProject "Taskify" */ = {
			isa = XCConfigurationList;
			buildConfigurations = (
				3F3DAC1E2C0612A900C4F201 /* Debug */,
				3F3DAC1F2C0612A900C4F201 /* Release */,
			);
			defaultConfigurationIsVisible = 0;
			defaultConfigurationName = Release;
		};
		3F3DAC202C0612A900C4F201 /* Build configuration list for PBXNativeTarget "Taskify" */ = {
			isa = XCConfigurationList;
			buildConfigurations = (
				3F3DAC212C0612A900C4F201 /* Debug */,
				3F3DAC222C0612A900C4F201 /* Release */,
			);
			defaultConfigurationIsVisible = 0;
			defaultConfigurationName = Release;
		};
/* End XCConfigurationList section */

/* Begin XCRemoteSwiftPackageReference section */
		3F3DAC232C06155D00C4F201 /* XCRemoteSwiftPackageReference "firebase-ios-sdk" */ = {
			isa = XCRemoteSwiftPackageReference;
			repositoryURL = "https://github.com/firebase/firebase-ios-sdk.git";
			requirement = {
				kind = upToNextMajorVersion;
				minimumVersion = 10.26.0;
			};
		};
/* End XCRemoteSwiftPackageReference section */

/* Begin XCSwiftPackageProductDependency section */
		3F3DAC2A2C061BDD00C4F201 /* FirebaseAnalytics */ = {
			isa = XCSwiftPackageProductDependency;
			package = 3F3DAC232C06155D00C4F201 /* XCRemoteSwiftPackageReference "firebase-ios-sdk" */;
			productName = FirebaseAnalytics;
		};
		3F3DAC2C2C061BDD00C4F201 /* FirebaseAnalyticsOnDeviceConversion */ = {
			isa = XCSwiftPackageProductDependency;
			package = 3F3DAC232C06155D00C4F201 /* XCRemoteSwiftPackageReference "firebase-ios-sdk" */;
			productName = FirebaseAnalyticsOnDeviceConversion;
		};
		3F3DAC2E2C061BDD00C4F201 /* FirebaseAnalyticsSwift */ = {
			isa = XCSwiftPackageProductDependency;
			package = 3F3DAC232C06155D00C4F201 /* XCRemoteSwiftPackageReference "firebase-ios-sdk" */;
			productName = FirebaseAnalyticsSwift;
		};
		3F3DAC302C061BDD00C4F201 /* FirebaseAnalyticsWithoutAdIdSupport */ = {
			isa = XCSwiftPackageProductDependency;
			package = 3F3DAC232C06155D00C4F201 /* XCRemoteSwiftPackageReference "firebase-ios-sdk" */;
			productName = FirebaseAnalyticsWithoutAdIdSupport;
		};
		3F3DAC322C061BDD00C4F201 /* FirebaseAppCheck */ = {
			isa = XCSwiftPackageProductDependency;
			package = 3F3DAC232C06155D00C4F201 /* XCRemoteSwiftPackageReference "firebase-ios-sdk" */;
			productName = FirebaseAppCheck;
		};
		3F3DAC342C061DDA00C4F201 /* FirebaseAuth */ = {
			isa = XCSwiftPackageProductDependency;
			productName = FirebaseAuth;
		};
		3F3DAC362C061DDA00C4F201 /* FirebaseFirestore */ = {
			isa = XCSwiftPackageProductDependency;
			productName = FirebaseFirestore;
		};
		3F3DAC382C061DDA00C4F201 /* FirebaseFirestoreSwift */ = {
			isa = XCSwiftPackageProductDependency;
			productName = FirebaseFirestoreSwift;
		};
/* End XCSwiftPackageProductDependency section */
	};
	rootObject = 3F3DAC082C0612A400C4F201 /* Project object */;
}
